
Microsoft Visual Studio Solution File, Format Version 12.00
# Visual Studio Version 17
VisualStudioVersion = 17.8.34525.116
MinimumVisualStudioVersion = 10.0.40219.1
Project("{FAE04EC0-301F-11D3-BF4B-00C04F79EFBC}") = "10195594Ejercicio4", "10195594Ejercicio4\10195594Ejercicio4.csproj", "{A89DAEB5-BF15-431C-A6FB-B9D8F0058520}"
EndProject
Global
	GlobalSection(SolutionConfigurationPlatforms) = preSolution
		Debug|Any CPU = Debug|Any CPU
		Release|Any CPU = Release|Any CPU
	EndGlobalSection
	GlobalSection(ProjectConfigurationPlatforms) = postSolution
		{A89DAEB5-BF15-431C-A6FB-B9D8F0058520}.Debug|Any CPU.ActiveCfg = Debug|Any CPU
		{A89DAEB5-BF15-431C-A6FB-B9D8F0058520}.Debug|Any CPU.Build.0 = Debug|Any CPU
		{A89DAEB5-BF15-431C-A6FB-B9D8F0058520}.Debug|Any CPU.Deploy.0 = Debug|Any CPU
		{A89DAEB5-BF15-431C-A6FB-B9D8F0058520}.Release|Any CPU.ActiveCfg = Release|Any CPU
		{A89DAEB5-BF15-431C-A6FB-B9D8F0058520}.Release|Any CPU.Build.0 = Release|Any CPU
		{A89DAEB5-BF15-431C-A6FB-B9D8F0058520}.Release|Any CPU.Deploy.0 = Release|Any CPU
	EndGlobalSection
	GlobalSection(SolutionProperties) = preSolution
		HideSolutionNode = FALSE
	EndGlobalSection
	GlobalSection(ExtensibilityGlobals) = postSolution
		SolutionGuid = {15387412-3022-423E-A0FB-79DD61D3A66B}
	EndGlobalSection
EndGlobal
